// !$*UTF8*$!
{
	archiveVersion = 1;
	classes = {
	};
	objectVersion = 46;
	objects = {

/* Begin PBXBuildFile section */
		1D873E491BE3A160006DDD48 /* AppDelegate.swift in Sources */ = {isa = PBXBuildFile; fileRef = 1D873E481BE3A160006DDD48 /* AppDelegate.swift */; };
		1D873E4B1BE3A160006DDD48 /* Assets.xcassets in Resources */ = {isa = PBXBuildFile; fileRef = 1D873E4A1BE3A160006DDD48 /* Assets.xcassets */; };
		1D873E4E1BE3A160006DDD48 /* MainMenu.xib in Resources */ = {isa = PBXBuildFile; fileRef = 1D873E4C1BE3A160006DDD48 /* MainMenu.xib */; };
		1D873E561BE3A458006DDD48 /* ColorView.swift in Sources */ = {isa = PBXBuildFile; fileRef = 1D873E551BE3A458006DDD48 /* ColorView.swift */; };
/* End PBXBuildFile section */

/* Begin PBXFileReference section */
		1D873E451BE3A160006DDD48 /* Lesson 66.app */ = {isa = PBXFileReference; explicitFileType = wrapper.application; includeInIndex = 0; path = "Lesson 66.app"; sourceTree = BUILT_PRODUCTS_DIR; };
		1D873E481BE3A160006DDD48 /* AppDelegate.swift */ = {isa = PBXFileReference; lastKnownFileType = sourcecode.swift; path = AppDelegate.swift; sourceTree = "<group>"; };
		1D873E4A1BE3A160006DDD48 /* Assets.xcassets */ = {isa = PBXFileReference; lastKnownFileType = folder.assetcatalog; path = Assets.xcassets; sourceTree = "<group>"; };
		1D873E4D1BE3A160006DDD48 /* Base */ = {isa = PBXFileReference; lastKnownFileType = file.xib; name = Base; path = Base.lproj/MainMenu.xib; sourceTree = "<group>"; };
		1D873E4F1BE3A160006DDD48 /* Info.plist */ = {isa = PBXFileReference; lastKnownFileType = text.plist.xml; path = Info.plist; sourceTree = "<group>"; };
		1D873E551BE3A458006DDD48 /* ColorView.swift */ = {isa = PBXFileReference; fileEncoding = 4; lastKnownFileType = sourcecode.swift; path = ColorView.swift; sourceTree = "<group>"; };
/* End PBXFileReference section */

/* Begin PBXFrameworksBuildPhase section */
		1D873E421BE3A160006DDD48 /* Frameworks */ = {
			isa = PBXFrameworksBuildPhase;
			buildActionMask = 2147483647;
			files = (
			);
			runOnlyForDeploymentPostprocessing = 0;
		};
/* End PBXFrameworksBuildPhase section */

/* Begin PBXGroup section */
		1D873E3C1BE3A160006DDD48 = {
			isa = PBXGroup;
			children = (
				1D873E471BE3A160006DDD48 /* Lesson 66 */,
				1D873E461BE3A160006DDD48 /* Products */,
			);
			sourceTree = "<group>";
		};
		1D873E461BE3A160006DDD48 /* Products */ = {
			isa = PBXGroup;
			children = (
				1D873E451BE3A160006DDD48 /* Lesson 66.app */,
			);
			name = Products;
			sourceTree = "<group>";
		};
		1D873E471BE3A160006DDD48 /* Lesson 66 */ = {
			isa = PBXGroup;
			children = (
				1D873E481BE3A160006DDD48 /* AppDelegate.swift */,
				1D873E551BE3A458006DDD48 /* ColorView.swift */,
				1D873E4A1BE3A160006DDD48 /* Assets.xcassets */,
				1D873E4C1BE3A160006DDD48 /* MainMenu.xib */,
				1D873E4F1BE3A160006DDD48 /* Info.plist */,
			);
			path = "Lesson 66";
			sourceTree = "<group>";
		};
/* End PBXGroup section */

/* Begin PBXNativeTarget section */
		1D873E441BE3A160006DDD48 /* Lesson 66 */ = {
			isa = PBXNativeTarget;
			buildConfigurationList = 1D873E521BE3A160006DDD48 /* Build configuration list for PBXNativeTarget "Lesson 66" */;
			buildPhases = (
				1D873E411BE3A160006DDD48 /* Sources */,
				1D873E421BE3A160006DDD48 /* Frameworks */,
				1D873E431BE3A160006DDD48 /* Resources */,
			);
			buildRules = (
			);
			dependencies = (
			);
			name = "Lesson 66";
			productName = "Lesson 66";
			productReference = 1D873E451BE3A160006DDD48 /* Lesson 66.app */;
			productType = "com.apple.product-type.application";
		};
/* End PBXNativeTarget section */

/* Begin PBXProject section */
		1D873E3D1BE3A160006DDD48 /* Project object */ = {
			isa = PBXProject;
			attributes = {
				LastSwiftUpdateCheck = 0710;
				LastUpgradeCheck = 0710;
				ORGANIZATIONNAME = "Lucas Derraugh";
				TargetAttributes = {
					1D873E441BE3A160006DDD48 = {
						CreatedOnToolsVersion = 7.1;
					};
				};
			};
			buildConfigurationList = 1D873E401BE3A160006DDD48 /* Build configuration list for PBXProject "Lesson 66" */;
			compatibilityVersion = "Xcode 3.2";
			developmentRegion = English;
			hasScannedForEncodings = 0;
			knownRegions = (
				en,
				Base,
			);
			mainGroup = 1D873E3C1BE3A160006DDD48;
			productRefGroup = 1D873E461BE3A160006DDD48 /* Products */;
			projectDirPath = "";
			projectRoot = "";
			targets = (
				1D873E441BE3A160006DDD48 /* Lesson 66 */,
			);
		};
/* End PBXProject section */

/* Begin PBXResourcesBuildPhase section */
		1D873E431BE3A160006DDD48 /* Resources */ = {
			isa = PBXResourcesBuildPhase;
			buildActionMask = 2147483647;
			files = (
				1D873E4B1BE3A160006DDD48 /* Assets.xcassets in Resources */,
				1D873E4E1BE3A160006DDD48 /* MainMenu.xib in Resources */,
			);
			runOnlyForDeploymentPostprocessing = 0;
		};
/* End PBXResourcesBuildPhase section */

/* Begin PBXSourcesBuildPhase section */
		1D873E411BE3A160006DDD48 /* Sources */ = {
			isa = PBXSourcesBuildPhase;
			buildActionMask = 2147483647;
			files = (
				1D873E561BE3A458006DDD48 /* ColorView.swift in Sources */,
				1D873E491BE3A160006DDD48 /* AppDelegate.swift in Sources */,
			);
			runOnlyForDeploymentPostprocessing = 0;
		};
/* End PBXSourcesBuildPhase section */

/* Begin PBXVariantGroup section */
		1D873E4C1BE3A160006DDD48 /* MainMenu.xib */ = {
			isa = PBXVariantGroup;
			children = (
				1D873E4D1BE3A160006DDD48 /* Base */,
			);
			name = MainMenu.xib;
			sourceTree = "<group>";
		};
/* End PBXVariantGroup section */

/* Begin XCBuildConfiguration section */
		1D873E501BE3A160006DDD48 /* Debug */ = {
			isa = XCBuildConfiguration;
			buildSettings = {
				ALWAYS_SEARCH_USER_PATHS = NO;
				CLANG_CXX_LANGUAGE_STANDARD = "gnu++0x";
				CLANG_CXX_LIBRARY = "libc++";
				CLANG_ENABLE_MODULES = YES;
				CLANG_ENABLE_OBJC_ARC = YES;
				CLANG_WARN_BOOL_CONVERSION = YES;
				CLANG_WARN_CONSTANT_CONVERSION = YES;
				CLANG_WARN_DIRECT_OBJC_ISA_USAGE = YES_ERROR;
				CLANG_WARN_EMPTY_BODY = YES;
				CLANG_WARN_ENUM_CONVERSION = YES;
				CLANG_WARN_INT_CONVERSION = YES;
				CLANG_WARN_OBJC_ROOT_CLASS = YES_ERROR;
				CLANG_WARN_UNREACHABLE_CODE = YES;
				CLANG_WARN__DUPLICATE_METHOD_MATCH = YES;
				CODE_SIGN_IDENTITY = "-";
				COPY_PHASE_STRIP = NO;
				DEBUG_INFORMATION_FORMAT = dwarf;
				ENABLE_STRICT_OBJC_MSGSEND = YES;
				ENABLE_TESTABILITY = YES;
				GCC_C_LANGUAGE_STANDARD = gnu99;
				GCC_DYNAMIC_NO_PIC = NO;
				GCC_NO_COMMON_BLOCKS = YES;
				GCC_OPTIMIZATION_LEVEL = 0;
				GCC_PREPROCESSOR_DEFINITIONS = (
					"DEBUG=1",
					"$(inherited)",
				);
				GCC_WARN_64_TO_32_BIT_CONVERSION = YES;
				GCC_WARN_ABOUT_RETURN_TYPE = YES_ERROR;
				GCC_WARN_UNDECLARED_SELECTOR = YES;
				GCC_WARN_UNINITIALIZED_AUTOS = YES_AGGRESSIVE;
				GCC_WARN_UNUSED_FUNCTION = YES;
				GCC_WARN_UNUSED_VARIABLE = YES;
				MACOSX_DEPLOYMENT_TARGET = 10.11;
				MTL_ENABLE_DEBUG_INFO = YES;
				ONLY_ACTIVE_ARCH = YES;
				SDKROOT = macosx;
				SWIFT_OPTIMIZATION_LEVEL = "-Onone";
			};
			name = Debug;
		};
		1D873E511BE3A160006DDD48 /* Release */ = {
			isa = XCBuildConfiguration;
			buildSettings = {
				ALWAYS_SEARCH_USER_PATHS = NO;
				CLANG_CXX_LANGUAGE_STANDARD = "gnu++0x";
				CLANG_CXX_LIBRARY = "libc++";
				CLANG_ENABLE_MODULES = YES;
				CLANG_ENABLE_OBJC_ARC = YES;
				CLANG_WARN_BOOL_CONVERSION = YES;
				CLANG_WARN_CONSTANT_CONVERSION = YES;
				CLANG_WARN_DIRECT_OBJC_ISA_USAGE = YES_ERROR;
				CLANG_WARN_EMPTY_BODY = YES;
				CLANG_WARN_ENUM_CONVERSION = YES;
				CLANG_WARN_INT_CONVERSION = YES;
				CLANG_WARN_OBJC_ROOT_CLASS = YES_ERROR;
				CLANG_WARN_UNREACHABLE_CODE = YES;
				CLANG_WARN__DUPLICATE_METHOD_MATCH = YES;
				CODE_SIGN_IDENTITY = "-";
				COPY_PHASE_STRIP = NO;
				DEBUG_INFORMATION_FORMAT = "dwarf-with-dsym";
				ENABLE_NS_ASSERTIONS = NO;
				ENABLE_STRICT_OBJC_MSGSEND = YES;
				GCC_C_LANGUAGE_STANDARD = gnu99;
				GCC_NO_COMMON_BLOCKS = YES;
				GCC_WARN_64_TO_32_BIT_CONVERSION = YES;
				GCC_WARN_ABOUT_RETURN_TYPE = YES_ERROR;
				GCC_WARN_UNDECLARED_SELECTOR = YES;
				GCC_WARN_UNINITIALIZED_AUTOS = YES_AGGRESSIVE;
				GCC_WARN_UNUSED_FUNCTION = YES;
				GCC_WARN_UNUSED_VARIABLE = YES;
				MACOSX_DEPLOYMENT_TARGET = 10.11;
				MTL_ENABLE_DEBUG_INFO = NO;
				SDKROOT = macosx;
			};
			name = Release;
		};
		1D873E531BE3A160006DDD48 /* Debug */ = {
			isa = XCBuildConfiguration;
			buildSettings = {
				ASSETCATALOG_COMPILER_APPICON_NAME = AppIcon;
				COMBINE_HIDPI_IMAGES = YES;
				INFOPLIST_FILE = "Lesson 66/Info.plist";
				LD_RUNPATH_SEARCH_PATHS = "$(inherited) @executable_path/../Frameworks";
				PRODUCT_BUNDLE_IDENTIFIER = "com.lucasderraugh.Lesson-66";
				PRODUCT_NAME = "$(TARGET_NAME)";
			};
			name = Debug;
		};
		1D873E541BE3A160006DDD48 /* Release */ = {
			isa = XCBuildConfiguration;
			buildSettings = {
				ASSETCATALOG_COMPILER_APPICON_NAME = AppIcon;
				COMBINE_HIDPI_IMAGES = YES;
				INFOPLIST_FILE = "Lesson 66/Info.plist";
				LD_RUNPATH_SEARCH_PATHS = "$(inherited) @executable_path/../Frameworks";
				PRODUCT_BUNDLE_IDENTIFIER = "com.lucasderraugh.Lesson-66";
				PRODUCT_NAME = "$(TARGET_NAME)";
			};
			name = Release;
		};
/* End XCBuildConfiguration section */

/* Begin XCConfigurationList section */
		1D873E401BE3A160006DDD48 /* Build configuration list for PBXProject "Lesson 66" */ = {
			isa = XCConfigurationList;
			buildConfigurations = (
				1D873E501BE3A160006DDD48 /* Debug */,
				1D873E511BE3A160006DDD48 /* Release */,
			);
			defaultConfigurationIsVisible = 0;
			defaultConfigurationName = Release;
		};
		1D873E521BE3A160006DDD48 /* Build configuration list for PBXNativeTarget "Lesson 66" */ = {
			isa = XCConfigurationList;
			buildConfigurations = (
				1D873E531BE3A160006DDD48 /* Debug */,
				1D873E541BE3A160006DDD48 /* Release */,
			);
			defaultConfigurationIsVisible = 0;
		};
/* End XCConfigurationList section */
	};
	rootObject = 1D873E3D1BE3A160006DDD48 /* Project object */;
}
