// !$*UTF8*$!
{
	archiveVersion = 1;
	classes = {
	};
	objectVersion = 46;
	objects = {

/* Begin PBXBuildFile section */
		1D82D522133996ED00238D48 /* Cocoa.framework in Frameworks */ = {isa = PBXBuildFile; fileRef = 1D82D521133996ED00238D48 /* Cocoa.framework */; };
		1D82D52C133996ED00238D48 /* InfoPlist.strings in Resources */ = {isa = PBXBuildFile; fileRef = 1D82D52A133996ED00238D48 /* InfoPlist.strings */; };
		1D82D52F133996ED00238D48 /* main.m in Sources */ = {isa = PBXBuildFile; fileRef = 1D82D52E133996ED00238D48 /* main.m */; };
		1D82D532133996ED00238D48 /* Credits.rtf in Resources */ = {isa = PBXBuildFile; fileRef = 1D82D530133996ED00238D48 /* Credits.rtf */; };
		1D82D535133996ED00238D48 /* Lesson_5AppDelegate.m in Sources */ = {isa = PBXBuildFile; fileRef = 1D82D534133996ED00238D48 /* Lesson_5AppDelegate.m */; };
		1D82D538133996ED00238D48 /* MainMenu.xib in Resources */ = {isa = PBXBuildFile; fileRef = 1D82D536133996ED00238D48 /* MainMenu.xib */; };
		1D82D5401339974C00238D48 /* AppController.m in Sources */ = {isa = PBXBuildFile; fileRef = 1D82D53F1339974C00238D48 /* AppController.m */; };
/* End PBXBuildFile section */

/* Begin PBXFileReference section */
		1D82D51D133996ED00238D48 /* Lesson 5.app */ = {isa = PBXFileReference; explicitFileType = wrapper.application; includeInIndex = 0; path = "Lesson 5.app"; sourceTree = BUILT_PRODUCTS_DIR; };
		1D82D521133996ED00238D48 /* Cocoa.framework */ = {isa = PBXFileReference; lastKnownFileType = wrapper.framework; name = Cocoa.framework; path = System/Library/Frameworks/Cocoa.framework; sourceTree = SDKROOT; };
		1D82D524133996ED00238D48 /* AppKit.framework */ = {isa = PBXFileReference; lastKnownFileType = wrapper.framework; name = AppKit.framework; path = System/Library/Frameworks/AppKit.framework; sourceTree = SDKROOT; };
		1D82D525133996ED00238D48 /* CoreData.framework */ = {isa = PBXFileReference; lastKnownFileType = wrapper.framework; name = CoreData.framework; path = System/Library/Frameworks/CoreData.framework; sourceTree = SDKROOT; };
		1D82D526133996ED00238D48 /* Foundation.framework */ = {isa = PBXFileReference; lastKnownFileType = wrapper.framework; name = Foundation.framework; path = System/Library/Frameworks/Foundation.framework; sourceTree = SDKROOT; };
		1D82D529133996ED00238D48 /* Lesson 5-Info.plist */ = {isa = PBXFileReference; lastKnownFileType = text.plist.xml; path = "Lesson 5-Info.plist"; sourceTree = "<group>"; };
		1D82D52B133996ED00238D48 /* en */ = {isa = PBXFileReference; lastKnownFileType = text.plist.strings; name = en; path = en.lproj/InfoPlist.strings; sourceTree = "<group>"; };
		1D82D52D133996ED00238D48 /* Lesson 5-Prefix.pch */ = {isa = PBXFileReference; lastKnownFileType = sourcecode.c.h; path = "Lesson 5-Prefix.pch"; sourceTree = "<group>"; };
		1D82D52E133996ED00238D48 /* main.m */ = {isa = PBXFileReference; lastKnownFileType = sourcecode.c.objc; path = main.m; sourceTree = "<group>"; };
		1D82D531133996ED00238D48 /* en */ = {isa = PBXFileReference; lastKnownFileType = text.rtf; name = en; path = en.lproj/Credits.rtf; sourceTree = "<group>"; };
		1D82D533133996ED00238D48 /* Lesson_5AppDelegate.h */ = {isa = PBXFileReference; lastKnownFileType = sourcecode.c.h; path = Lesson_5AppDelegate.h; sourceTree = "<group>"; };
		1D82D534133996ED00238D48 /* Lesson_5AppDelegate.m */ = {isa = PBXFileReference; lastKnownFileType = sourcecode.c.objc; path = Lesson_5AppDelegate.m; sourceTree = "<group>"; };
		1D82D537133996ED00238D48 /* en */ = {isa = PBXFileReference; lastKnownFileType = file.xib; name = en; path = en.lproj/MainMenu.xib; sourceTree = "<group>"; };
		1D82D53E1339974C00238D48 /* AppController.h */ = {isa = PBXFileReference; fileEncoding = 4; lastKnownFileType = sourcecode.c.h; path = AppController.h; sourceTree = "<group>"; };
		1D82D53F1339974C00238D48 /* AppController.m */ = {isa = PBXFileReference; fileEncoding = 4; lastKnownFileType = sourcecode.c.objc; path = AppController.m; sourceTree = "<group>"; };
/* End PBXFileReference section */

/* Begin PBXFrameworksBuildPhase section */
		1D82D51A133996ED00238D48 /* Frameworks */ = {
			isa = PBXFrameworksBuildPhase;
			buildActionMask = 2147483647;
			files = (
				1D82D522133996ED00238D48 /* Cocoa.framework in Frameworks */,
			);
			runOnlyForDeploymentPostprocessing = 0;
		};
/* End PBXFrameworksBuildPhase section */

/* Begin PBXGroup section */
		1D82D512133996EC00238D48 = {
			isa = PBXGroup;
			children = (
				1D82D527133996ED00238D48 /* Lesson 5 */,
				1D82D520133996ED00238D48 /* Frameworks */,
				1D82D51E133996ED00238D48 /* Products */,
			);
			sourceTree = "<group>";
		};
		1D82D51E133996ED00238D48 /* Products */ = {
			isa = PBXGroup;
			children = (
				1D82D51D133996ED00238D48 /* Lesson 5.app */,
			);
			name = Products;
			sourceTree = "<group>";
		};
		1D82D520133996ED00238D48 /* Frameworks */ = {
			isa = PBXGroup;
			children = (
				1D82D521133996ED00238D48 /* Cocoa.framework */,
				1D82D523133996ED00238D48 /* Other Frameworks */,
			);
			name = Frameworks;
			sourceTree = "<group>";
		};
		1D82D523133996ED00238D48 /* Other Frameworks */ = {
			isa = PBXGroup;
			children = (
				1D82D524133996ED00238D48 /* AppKit.framework */,
				1D82D525133996ED00238D48 /* CoreData.framework */,
				1D82D526133996ED00238D48 /* Foundation.framework */,
			);
			name = "Other Frameworks";
			sourceTree = "<group>";
		};
		1D82D527133996ED00238D48 /* Lesson 5 */ = {
			isa = PBXGroup;
			children = (
				1D82D533133996ED00238D48 /* Lesson_5AppDelegate.h */,
				1D82D534133996ED00238D48 /* Lesson_5AppDelegate.m */,
				1D82D53E1339974C00238D48 /* AppController.h */,
				1D82D53F1339974C00238D48 /* AppController.m */,
				1D82D536133996ED00238D48 /* MainMenu.xib */,
				1D82D528133996ED00238D48 /* Supporting Files */,
			);
			path = "Lesson 5";
			sourceTree = "<group>";
		};
		1D82D528133996ED00238D48 /* Supporting Files */ = {
			isa = PBXGroup;
			children = (
				1D82D529133996ED00238D48 /* Lesson 5-Info.plist */,
				1D82D52A133996ED00238D48 /* InfoPlist.strings */,
				1D82D52D133996ED00238D48 /* Lesson 5-Prefix.pch */,
				1D82D52E133996ED00238D48 /* main.m */,
				1D82D530133996ED00238D48 /* Credits.rtf */,
			);
			name = "Supporting Files";
			sourceTree = "<group>";
		};
/* End PBXGroup section */

/* Begin PBXNativeTarget section */
		1D82D51C133996ED00238D48 /* Lesson 5 */ = {
			isa = PBXNativeTarget;
			buildConfigurationList = 1D82D53B133996ED00238D48 /* Build configuration list for PBXNativeTarget "Lesson 5" */;
			buildPhases = (
				1D82D519133996ED00238D48 /* Sources */,
				1D82D51A133996ED00238D48 /* Frameworks */,
				1D82D51B133996ED00238D48 /* Resources */,
			);
			buildRules = (
			);
			dependencies = (
			);
			name = "Lesson 5";
			productName = "Lesson 5";
			productReference = 1D82D51D133996ED00238D48 /* Lesson 5.app */;
			productType = "com.apple.product-type.application";
		};
/* End PBXNativeTarget section */

/* Begin PBXProject section */
		1D82D514133996EC00238D48 /* Project object */ = {
			isa = PBXProject;
			attributes = {
				LastUpgradeCheck = 0430;
			};
			buildConfigurationList = 1D82D517133996EC00238D48 /* Build configuration list for PBXProject "Lesson 5" */;
			compatibilityVersion = "Xcode 3.2";
			developmentRegion = English;
			hasScannedForEncodings = 0;
			knownRegions = (
				en,
			);
			mainGroup = 1D82D512133996EC00238D48;
			productRefGroup = 1D82D51E133996ED00238D48 /* Products */;
			projectDirPath = "";
			projectRoot = "";
			targets = (
				1D82D51C133996ED00238D48 /* Lesson 5 */,
			);
		};
/* End PBXProject section */

/* Begin PBXResourcesBuildPhase section */
		1D82D51B133996ED00238D48 /* Resources */ = {
			isa = PBXResourcesBuildPhase;
			buildActionMask = 2147483647;
			files = (
				1D82D52C133996ED00238D48 /* InfoPlist.strings in Resources */,
				1D82D532133996ED00238D48 /* Credits.rtf in Resources */,
				1D82D538133996ED00238D48 /* MainMenu.xib in Resources */,
			);
			runOnlyForDeploymentPostprocessing = 0;
		};
/* End PBXResourcesBuildPhase section */

/* Begin PBXSourcesBuildPhase section */
		1D82D519133996ED00238D48 /* Sources */ = {
			isa = PBXSourcesBuildPhase;
			buildActionMask = 2147483647;
			files = (
				1D82D52F133996ED00238D48 /* main.m in Sources */,
				1D82D535133996ED00238D48 /* Lesson_5AppDelegate.m in Sources */,
				1D82D5401339974C00238D48 /* AppController.m in Sources */,
			);
			runOnlyForDeploymentPostprocessing = 0;
		};
/* End PBXSourcesBuildPhase section */

/* Begin PBXVariantGroup section */
		1D82D52A133996ED00238D48 /* InfoPlist.strings */ = {
			isa = PBXVariantGroup;
			children = (
				1D82D52B133996ED00238D48 /* en */,
			);
			name = InfoPlist.strings;
			sourceTree = "<group>";
		};
		1D82D530133996ED00238D48 /* Credits.rtf */ = {
			isa = PBXVariantGroup;
			children = (
				1D82D531133996ED00238D48 /* en */,
			);
			name = Credits.rtf;
			sourceTree = "<group>";
		};
		1D82D536133996ED00238D48 /* MainMenu.xib */ = {
			isa = PBXVariantGroup;
			children = (
				1D82D537133996ED00238D48 /* en */,
			);
			name = MainMenu.xib;
			sourceTree = "<group>";
		};
/* End PBXVariantGroup section */

/* Begin XCBuildConfiguration section */
		1D82D539133996ED00238D48 /* Debug */ = {
			isa = XCBuildConfiguration;
			buildSettings = {
				ARCHS = "$(ARCHS_STANDARD_32_64_BIT)";
				GCC_C_LANGUAGE_STANDARD = gnu99;
				GCC_ENABLE_OBJC_GC = required;
				GCC_OPTIMIZATION_LEVEL = 0;
				GCC_PREPROCESSOR_DEFINITIONS = DEBUG;
				GCC_SYMBOLS_PRIVATE_EXTERN = NO;
				GCC_VERSION = com.apple.compilers.llvm.clang.1_0;
				GCC_WARN_64_TO_32_BIT_CONVERSION = YES;
				GCC_WARN_ABOUT_RETURN_TYPE = YES;
				GCC_WARN_UNUSED_VARIABLE = YES;
				MACOSX_DEPLOYMENT_TARGET = 10.6;
				ONLY_ACTIVE_ARCH = YES;
				SDKROOT = macosx;
			};
			name = Debug;
		};
		1D82D53A133996ED00238D48 /* Release */ = {
			isa = XCBuildConfiguration;
			buildSettings = {
				ARCHS = "$(ARCHS_STANDARD_32_64_BIT)";
				GCC_C_LANGUAGE_STANDARD = gnu99;
				GCC_ENABLE_OBJC_GC = required;
				GCC_VERSION = com.apple.compilers.llvm.clang.1_0;
				GCC_WARN_64_TO_32_BIT_CONVERSION = YES;
				GCC_WARN_ABOUT_RETURN_TYPE = YES;
				GCC_WARN_UNUSED_VARIABLE = YES;
				MACOSX_DEPLOYMENT_TARGET = 10.6;
				SDKROOT = macosx;
			};
			name = Release;
		};
		1D82D53C133996ED00238D48 /* Debug */ = {
			isa = XCBuildConfiguration;
			buildSettings = {
				ALWAYS_SEARCH_USER_PATHS = NO;
				COPY_PHASE_STRIP = NO;
				GCC_DYNAMIC_NO_PIC = NO;
				GCC_ENABLE_OBJC_EXCEPTIONS = YES;
				GCC_ENABLE_OBJC_GC = required;
				GCC_PRECOMPILE_PREFIX_HEADER = YES;
				GCC_PREFIX_HEADER = "Lesson 5/Lesson 5-Prefix.pch";
				INFOPLIST_FILE = "Lesson 5/Lesson 5-Info.plist";
				PRODUCT_NAME = "$(TARGET_NAME)";
				WRAPPER_EXTENSION = app;
			};
			name = Debug;
		};
		1D82D53D133996ED00238D48 /* Release */ = {
			isa = XCBuildConfiguration;
			buildSettings = {
				ALWAYS_SEARCH_USER_PATHS = NO;
				COPY_PHASE_STRIP = YES;
				DEBUG_INFORMATION_FORMAT = "dwarf-with-dsym";
				GCC_ENABLE_OBJC_EXCEPTIONS = YES;
				GCC_ENABLE_OBJC_GC = required;
				GCC_PRECOMPILE_PREFIX_HEADER = YES;
				GCC_PREFIX_HEADER = "Lesson 5/Lesson 5-Prefix.pch";
				INFOPLIST_FILE = "Lesson 5/Lesson 5-Info.plist";
				PRODUCT_NAME = "$(TARGET_NAME)";
				WRAPPER_EXTENSION = app;
			};
			name = Release;
		};
/* End XCBuildConfiguration section */

/* Begin XCConfigurationList section */
		1D82D517133996EC00238D48 /* Build configuration list for PBXProject "Lesson 5" */ = {
			isa = XCConfigurationList;
			buildConfigurations = (
				1D82D539133996ED00238D48 /* Debug */,
				1D82D53A133996ED00238D48 /* Release */,
			);
			defaultConfigurationIsVisible = 0;
			defaultConfigurationName = Release;
		};
		1D82D53B133996ED00238D48 /* Build configuration list for PBXNativeTarget "Lesson 5" */ = {
			isa = XCConfigurationList;
			buildConfigurations = (
				1D82D53C133996ED00238D48 /* Debug */,
				1D82D53D133996ED00238D48 /* Release */,
			);
			defaultConfigurationIsVisible = 0;
			defaultConfigurationName = Release;
		};
/* End XCConfigurationList section */
	};
	rootObject = 1D82D514133996EC00238D48 /* Project object */;
}
