// !$*UTF8*$!
{
	archiveVersion = 1;
	classes = {
	};
	objectVersion = 46;
	objects = {

/* Begin PBXBuildFile section */
		1D070F141345415A001D182C /* Cocoa.framework in Frameworks */ = {isa = PBXBuildFile; fileRef = 1D070F131345415A001D182C /* Cocoa.framework */; };
		1D070F1E1345415B001D182C /* InfoPlist.strings in Resources */ = {isa = PBXBuildFile; fileRef = 1D070F1C1345415B001D182C /* InfoPlist.strings */; };
		1D070F211345415B001D182C /* main.m in Sources */ = {isa = PBXBuildFile; fileRef = 1D070F201345415B001D182C /* main.m */; };
		1D070F241345415B001D182C /* Credits.rtf in Resources */ = {isa = PBXBuildFile; fileRef = 1D070F221345415B001D182C /* Credits.rtf */; };
		1D070F271345415B001D182C /* Lesson_6AppDelegate.m in Sources */ = {isa = PBXBuildFile; fileRef = 1D070F261345415B001D182C /* Lesson_6AppDelegate.m */; };
		1D070F2A1345415B001D182C /* MainMenu.xib in Resources */ = {isa = PBXBuildFile; fileRef = 1D070F281345415B001D182C /* MainMenu.xib */; };
/* End PBXBuildFile section */

/* Begin PBXFileReference section */
		1D070F0F1345415A001D182C /* Lesson 6.app */ = {isa = PBXFileReference; explicitFileType = wrapper.application; includeInIndex = 0; path = "Lesson 6.app"; sourceTree = BUILT_PRODUCTS_DIR; };
		1D070F131345415A001D182C /* Cocoa.framework */ = {isa = PBXFileReference; lastKnownFileType = wrapper.framework; name = Cocoa.framework; path = System/Library/Frameworks/Cocoa.framework; sourceTree = SDKROOT; };
		1D070F161345415A001D182C /* AppKit.framework */ = {isa = PBXFileReference; lastKnownFileType = wrapper.framework; name = AppKit.framework; path = System/Library/Frameworks/AppKit.framework; sourceTree = SDKROOT; };
		1D070F171345415A001D182C /* CoreData.framework */ = {isa = PBXFileReference; lastKnownFileType = wrapper.framework; name = CoreData.framework; path = System/Library/Frameworks/CoreData.framework; sourceTree = SDKROOT; };
		1D070F181345415A001D182C /* Foundation.framework */ = {isa = PBXFileReference; lastKnownFileType = wrapper.framework; name = Foundation.framework; path = System/Library/Frameworks/Foundation.framework; sourceTree = SDKROOT; };
		1D070F1B1345415B001D182C /* Lesson 6-Info.plist */ = {isa = PBXFileReference; lastKnownFileType = text.plist.xml; path = "Lesson 6-Info.plist"; sourceTree = "<group>"; };
		1D070F1D1345415B001D182C /* en */ = {isa = PBXFileReference; lastKnownFileType = text.plist.strings; name = en; path = en.lproj/InfoPlist.strings; sourceTree = "<group>"; };
		1D070F1F1345415B001D182C /* Lesson 6-Prefix.pch */ = {isa = PBXFileReference; lastKnownFileType = sourcecode.c.h; path = "Lesson 6-Prefix.pch"; sourceTree = "<group>"; };
		1D070F201345415B001D182C /* main.m */ = {isa = PBXFileReference; lastKnownFileType = sourcecode.c.objc; path = main.m; sourceTree = "<group>"; };
		1D070F231345415B001D182C /* en */ = {isa = PBXFileReference; lastKnownFileType = text.rtf; name = en; path = en.lproj/Credits.rtf; sourceTree = "<group>"; };
		1D070F251345415B001D182C /* Lesson_6AppDelegate.h */ = {isa = PBXFileReference; lastKnownFileType = sourcecode.c.h; path = Lesson_6AppDelegate.h; sourceTree = "<group>"; };
		1D070F261345415B001D182C /* Lesson_6AppDelegate.m */ = {isa = PBXFileReference; lastKnownFileType = sourcecode.c.objc; path = Lesson_6AppDelegate.m; sourceTree = "<group>"; };
		1D070F291345415B001D182C /* en */ = {isa = PBXFileReference; lastKnownFileType = file.xib; name = en; path = en.lproj/MainMenu.xib; sourceTree = "<group>"; };
		1DB6E4CC1503231000E79873 /* AppController.h */ = {isa = PBXFileReference; lastKnownFileType = sourcecode.c.h; path = AppController.h; sourceTree = "<group>"; };
		1DB6E4CD1503231000E79873 /* AppController.m */ = {isa = PBXFileReference; lastKnownFileType = sourcecode.c.objc; path = AppController.m; sourceTree = "<group>"; };
/* End PBXFileReference section */

/* Begin PBXFrameworksBuildPhase section */
		1D070F0C1345415A001D182C /* Frameworks */ = {
			isa = PBXFrameworksBuildPhase;
			buildActionMask = 2147483647;
			files = (
				1D070F141345415A001D182C /* Cocoa.framework in Frameworks */,
			);
			runOnlyForDeploymentPostprocessing = 0;
		};
/* End PBXFrameworksBuildPhase section */

/* Begin PBXGroup section */
		1D070F041345415A001D182C = {
			isa = PBXGroup;
			children = (
				1D070F191345415A001D182C /* Lesson 6 */,
				1D070F121345415A001D182C /* Frameworks */,
				1D070F101345415A001D182C /* Products */,
			);
			sourceTree = "<group>";
		};
		1D070F101345415A001D182C /* Products */ = {
			isa = PBXGroup;
			children = (
				1D070F0F1345415A001D182C /* Lesson 6.app */,
			);
			name = Products;
			sourceTree = "<group>";
		};
		1D070F121345415A001D182C /* Frameworks */ = {
			isa = PBXGroup;
			children = (
				1D070F131345415A001D182C /* Cocoa.framework */,
				1D070F151345415A001D182C /* Other Frameworks */,
			);
			name = Frameworks;
			sourceTree = "<group>";
		};
		1D070F151345415A001D182C /* Other Frameworks */ = {
			isa = PBXGroup;
			children = (
				1D070F161345415A001D182C /* AppKit.framework */,
				1D070F171345415A001D182C /* CoreData.framework */,
				1D070F181345415A001D182C /* Foundation.framework */,
			);
			name = "Other Frameworks";
			sourceTree = "<group>";
		};
		1D070F191345415A001D182C /* Lesson 6 */ = {
			isa = PBXGroup;
			children = (
				1D070F251345415B001D182C /* Lesson_6AppDelegate.h */,
				1D070F261345415B001D182C /* Lesson_6AppDelegate.m */,
				1DB6E4CC1503231000E79873 /* AppController.h */,
				1DB6E4CD1503231000E79873 /* AppController.m */,
				1D070F281345415B001D182C /* MainMenu.xib */,
				1D070F1A1345415B001D182C /* Supporting Files */,
			);
			path = "Lesson 6";
			sourceTree = "<group>";
		};
		1D070F1A1345415B001D182C /* Supporting Files */ = {
			isa = PBXGroup;
			children = (
				1D070F1B1345415B001D182C /* Lesson 6-Info.plist */,
				1D070F1C1345415B001D182C /* InfoPlist.strings */,
				1D070F1F1345415B001D182C /* Lesson 6-Prefix.pch */,
				1D070F201345415B001D182C /* main.m */,
				1D070F221345415B001D182C /* Credits.rtf */,
			);
			name = "Supporting Files";
			sourceTree = "<group>";
		};
/* End PBXGroup section */

/* Begin PBXNativeTarget section */
		1D070F0E1345415A001D182C /* Lesson 6 */ = {
			isa = PBXNativeTarget;
			buildConfigurationList = 1D070F2D1345415B001D182C /* Build configuration list for PBXNativeTarget "Lesson 6" */;
			buildPhases = (
				1D070F0B1345415A001D182C /* Sources */,
				1D070F0C1345415A001D182C /* Frameworks */,
				1D070F0D1345415A001D182C /* Resources */,
			);
			buildRules = (
			);
			dependencies = (
			);
			name = "Lesson 6";
			productName = "Lesson 6";
			productReference = 1D070F0F1345415A001D182C /* Lesson 6.app */;
			productType = "com.apple.product-type.application";
		};
/* End PBXNativeTarget section */

/* Begin PBXProject section */
		1D070F061345415A001D182C /* Project object */ = {
			isa = PBXProject;
			buildConfigurationList = 1D070F091345415A001D182C /* Build configuration list for PBXProject "Lesson 6" */;
			compatibilityVersion = "Xcode 3.2";
			developmentRegion = English;
			hasScannedForEncodings = 0;
			knownRegions = (
				en,
			);
			mainGroup = 1D070F041345415A001D182C;
			productRefGroup = 1D070F101345415A001D182C /* Products */;
			projectDirPath = "";
			projectRoot = "";
			targets = (
				1D070F0E1345415A001D182C /* Lesson 6 */,
			);
		};
/* End PBXProject section */

/* Begin PBXResourcesBuildPhase section */
		1D070F0D1345415A001D182C /* Resources */ = {
			isa = PBXResourcesBuildPhase;
			buildActionMask = 2147483647;
			files = (
				1D070F1E1345415B001D182C /* InfoPlist.strings in Resources */,
				1D070F241345415B001D182C /* Credits.rtf in Resources */,
				1D070F2A1345415B001D182C /* MainMenu.xib in Resources */,
			);
			runOnlyForDeploymentPostprocessing = 0;
		};
/* End PBXResourcesBuildPhase section */

/* Begin PBXSourcesBuildPhase section */
		1D070F0B1345415A001D182C /* Sources */ = {
			isa = PBXSourcesBuildPhase;
			buildActionMask = 2147483647;
			files = (
				1D070F211345415B001D182C /* main.m in Sources */,
				1D070F271345415B001D182C /* Lesson_6AppDelegate.m in Sources */,
			);
			runOnlyForDeploymentPostprocessing = 0;
		};
/* End PBXSourcesBuildPhase section */

/* Begin PBXVariantGroup section */
		1D070F1C1345415B001D182C /* InfoPlist.strings */ = {
			isa = PBXVariantGroup;
			children = (
				1D070F1D1345415B001D182C /* en */,
			);
			name = InfoPlist.strings;
			sourceTree = "<group>";
		};
		1D070F221345415B001D182C /* Credits.rtf */ = {
			isa = PBXVariantGroup;
			children = (
				1D070F231345415B001D182C /* en */,
			);
			name = Credits.rtf;
			sourceTree = "<group>";
		};
		1D070F281345415B001D182C /* MainMenu.xib */ = {
			isa = PBXVariantGroup;
			children = (
				1D070F291345415B001D182C /* en */,
			);
			name = MainMenu.xib;
			sourceTree = "<group>";
		};
/* End PBXVariantGroup section */

/* Begin XCBuildConfiguration section */
		1D070F2B1345415B001D182C /* Debug */ = {
			isa = XCBuildConfiguration;
			buildSettings = {
				ARCHS = "$(ARCHS_STANDARD_32_64_BIT)";
				GCC_C_LANGUAGE_STANDARD = gnu99;
				GCC_OPTIMIZATION_LEVEL = 0;
				GCC_PREPROCESSOR_DEFINITIONS = DEBUG;
				GCC_SYMBOLS_PRIVATE_EXTERN = NO;
				GCC_VERSION = com.apple.compilers.llvm.clang.1_0;
				GCC_WARN_64_TO_32_BIT_CONVERSION = YES;
				GCC_WARN_ABOUT_RETURN_TYPE = YES;
				GCC_WARN_UNUSED_VARIABLE = YES;
				MACOSX_DEPLOYMENT_TARGET = 10.6;
				ONLY_ACTIVE_ARCH = YES;
				SDKROOT = macosx;
			};
			name = Debug;
		};
		1D070F2C1345415B001D182C /* Release */ = {
			isa = XCBuildConfiguration;
			buildSettings = {
				ARCHS = "$(ARCHS_STANDARD_32_64_BIT)";
				GCC_C_LANGUAGE_STANDARD = gnu99;
				GCC_VERSION = com.apple.compilers.llvm.clang.1_0;
				GCC_WARN_64_TO_32_BIT_CONVERSION = YES;
				GCC_WARN_ABOUT_RETURN_TYPE = YES;
				GCC_WARN_UNUSED_VARIABLE = YES;
				MACOSX_DEPLOYMENT_TARGET = 10.6;
				SDKROOT = macosx;
			};
			name = Release;
		};
		1D070F2E1345415B001D182C /* Debug */ = {
			isa = XCBuildConfiguration;
			buildSettings = {
				ALWAYS_SEARCH_USER_PATHS = NO;
				COPY_PHASE_STRIP = NO;
				GCC_DYNAMIC_NO_PIC = NO;
				GCC_ENABLE_OBJC_EXCEPTIONS = YES;
				GCC_ENABLE_OBJC_GC = required;
				GCC_PRECOMPILE_PREFIX_HEADER = YES;
				GCC_PREFIX_HEADER = "Lesson 6/Lesson 6-Prefix.pch";
				INFOPLIST_FILE = "Lesson 6/Lesson 6-Info.plist";
				PRODUCT_NAME = "$(TARGET_NAME)";
				WRAPPER_EXTENSION = app;
			};
			name = Debug;
		};
		1D070F2F1345415B001D182C /* Release */ = {
			isa = XCBuildConfiguration;
			buildSettings = {
				ALWAYS_SEARCH_USER_PATHS = NO;
				COPY_PHASE_STRIP = YES;
				DEBUG_INFORMATION_FORMAT = "dwarf-with-dsym";
				GCC_ENABLE_OBJC_EXCEPTIONS = YES;
				GCC_ENABLE_OBJC_GC = required;
				GCC_PRECOMPILE_PREFIX_HEADER = YES;
				GCC_PREFIX_HEADER = "Lesson 6/Lesson 6-Prefix.pch";
				INFOPLIST_FILE = "Lesson 6/Lesson 6-Info.plist";
				PRODUCT_NAME = "$(TARGET_NAME)";
				WRAPPER_EXTENSION = app;
			};
			name = Release;
		};
/* End XCBuildConfiguration section */

/* Begin XCConfigurationList section */
		1D070F091345415A001D182C /* Build configuration list for PBXProject "Lesson 6" */ = {
			isa = XCConfigurationList;
			buildConfigurations = (
				1D070F2B1345415B001D182C /* Debug */,
				1D070F2C1345415B001D182C /* Release */,
			);
			defaultConfigurationIsVisible = 0;
			defaultConfigurationName = Release;
		};
		1D070F2D1345415B001D182C /* Build configuration list for PBXNativeTarget "Lesson 6" */ = {
			isa = XCConfigurationList;
			buildConfigurations = (
				1D070F2E1345415B001D182C /* Debug */,
				1D070F2F1345415B001D182C /* Release */,
			);
			defaultConfigurationIsVisible = 0;
			defaultConfigurationName = Release;
		};
/* End XCConfigurationList section */
	};
	rootObject = 1D070F061345415A001D182C /* Project object */;
}
