// !$*UTF8*$!
{
	archiveVersion = 1;
	classes = {
	};
	objectVersion = 50;
	objects = {

/* Begin PBXBuildFile section */
		1DF5129D24077AB30068E58B /* AppDelegate.swift in Sources */ = {isa = PBXBuildFile; fileRef = 1DF5129C24077AB30068E58B /* AppDelegate.swift */; };
		1DF5129F24077AB50068E58B /* Assets.xcassets in Resources */ = {isa = PBXBuildFile; fileRef = 1DF5129E24077AB50068E58B /* Assets.xcassets */; };
		1DF512A224077AB50068E58B /* MainMenu.xib in Resources */ = {isa = PBXBuildFile; fileRef = 1DF512A024077AB50068E58B /* MainMenu.xib */; };
		1DF512AC24077B720068E58B /* ViewController.swift in Sources */ = {isa = PBXBuildFile; fileRef = 1DF512AA24077B720068E58B /* ViewController.swift */; };
		1DF512AD24077B720068E58B /* ViewController.xib in Resources */ = {isa = PBXBuildFile; fileRef = 1DF512AB24077B720068E58B /* ViewController.xib */; };
		1DF512AF2408A40D0068E58B /* MailToken.swift in Sources */ = {isa = PBXBuildFile; fileRef = 1DF512AE2408A40D0068E58B /* MailToken.swift */; };
/* End PBXBuildFile section */

/* Begin PBXFileReference section */
		1DF5129924077AB30068E58B /* Lesson 78.app */ = {isa = PBXFileReference; explicitFileType = wrapper.application; includeInIndex = 0; path = "Lesson 78.app"; sourceTree = BUILT_PRODUCTS_DIR; };
		1DF5129C24077AB30068E58B /* AppDelegate.swift */ = {isa = PBXFileReference; lastKnownFileType = sourcecode.swift; path = AppDelegate.swift; sourceTree = "<group>"; };
		1DF5129E24077AB50068E58B /* Assets.xcassets */ = {isa = PBXFileReference; lastKnownFileType = folder.assetcatalog; path = Assets.xcassets; sourceTree = "<group>"; };
		1DF512A124077AB50068E58B /* Base */ = {isa = PBXFileReference; lastKnownFileType = file.xib; name = Base; path = Base.lproj/MainMenu.xib; sourceTree = "<group>"; };
		1DF512A324077AB50068E58B /* Info.plist */ = {isa = PBXFileReference; lastKnownFileType = text.plist.xml; path = Info.plist; sourceTree = "<group>"; };
		1DF512A424077AB50068E58B /* Lesson_78.entitlements */ = {isa = PBXFileReference; lastKnownFileType = text.plist.entitlements; path = Lesson_78.entitlements; sourceTree = "<group>"; };
		1DF512AA24077B720068E58B /* ViewController.swift */ = {isa = PBXFileReference; lastKnownFileType = sourcecode.swift; path = ViewController.swift; sourceTree = "<group>"; };
		1DF512AB24077B720068E58B /* ViewController.xib */ = {isa = PBXFileReference; lastKnownFileType = file.xib; path = ViewController.xib; sourceTree = "<group>"; };
		1DF512AE2408A40D0068E58B /* MailToken.swift */ = {isa = PBXFileReference; lastKnownFileType = sourcecode.swift; path = MailToken.swift; sourceTree = "<group>"; };
/* End PBXFileReference section */

/* Begin PBXFrameworksBuildPhase section */
		1DF5129624077AB30068E58B /* Frameworks */ = {
			isa = PBXFrameworksBuildPhase;
			buildActionMask = 2147483647;
			files = (
			);
			runOnlyForDeploymentPostprocessing = 0;
		};
/* End PBXFrameworksBuildPhase section */

/* Begin PBXGroup section */
		1DF5129024077AB30068E58B = {
			isa = PBXGroup;
			children = (
				1DF5129B24077AB30068E58B /* Lesson 78 */,
				1DF5129A24077AB30068E58B /* Products */,
			);
			sourceTree = "<group>";
		};
		1DF5129A24077AB30068E58B /* Products */ = {
			isa = PBXGroup;
			children = (
				1DF5129924077AB30068E58B /* Lesson 78.app */,
			);
			name = Products;
			sourceTree = "<group>";
		};
		1DF5129B24077AB30068E58B /* Lesson 78 */ = {
			isa = PBXGroup;
			children = (
				1DF5129C24077AB30068E58B /* AppDelegate.swift */,
				1DF512CF24097C9A0068E58B /* View Controllers */,
				1DF512D024097CAD0068E58B /* Models */,
				1DF5129E24077AB50068E58B /* Assets.xcassets */,
				1DF512A024077AB50068E58B /* MainMenu.xib */,
				1DF512A324077AB50068E58B /* Info.plist */,
				1DF512A424077AB50068E58B /* Lesson_78.entitlements */,
			);
			path = "Lesson 78";
			sourceTree = "<group>";
		};
		1DF512CF24097C9A0068E58B /* View Controllers */ = {
			isa = PBXGroup;
			children = (
				1DF512AA24077B720068E58B /* ViewController.swift */,
				1DF512AB24077B720068E58B /* ViewController.xib */,
			);
			path = "View Controllers";
			sourceTree = "<group>";
		};
		1DF512D024097CAD0068E58B /* Models */ = {
			isa = PBXGroup;
			children = (
				1DF512AE2408A40D0068E58B /* MailToken.swift */,
			);
			path = Models;
			sourceTree = "<group>";
		};
/* End PBXGroup section */

/* Begin PBXNativeTarget section */
		1DF5129824077AB30068E58B /* Lesson 78 */ = {
			isa = PBXNativeTarget;
			buildConfigurationList = 1DF512A724077AB50068E58B /* Build configuration list for PBXNativeTarget "Lesson 78" */;
			buildPhases = (
				1DF5129524077AB30068E58B /* Sources */,
				1DF5129624077AB30068E58B /* Frameworks */,
				1DF5129724077AB30068E58B /* Resources */,
			);
			buildRules = (
			);
			dependencies = (
			);
			name = "Lesson 78";
			productName = "Lesson 78";
			productReference = 1DF5129924077AB30068E58B /* Lesson 78.app */;
			productType = "com.apple.product-type.application";
		};
/* End PBXNativeTarget section */

/* Begin PBXProject section */
		1DF5129124077AB30068E58B /* Project object */ = {
			isa = PBXProject;
			attributes = {
				LastSwiftUpdateCheck = 1130;
				LastUpgradeCheck = 1130;
				ORGANIZATIONNAME = "Lucas Derraugh";
				TargetAttributes = {
					1DF5129824077AB30068E58B = {
						CreatedOnToolsVersion = 11.3.1;
					};
				};
			};
			buildConfigurationList = 1DF5129424077AB30068E58B /* Build configuration list for PBXProject "Lesson 78" */;
			compatibilityVersion = "Xcode 9.3";
			developmentRegion = en;
			hasScannedForEncodings = 0;
			knownRegions = (
				en,
				Base,
			);
			mainGroup = 1DF5129024077AB30068E58B;
			productRefGroup = 1DF5129A24077AB30068E58B /* Products */;
			projectDirPath = "";
			projectRoot = "";
			targets = (
				1DF5129824077AB30068E58B /* Lesson 78 */,
			);
		};
/* End PBXProject section */

/* Begin PBXResourcesBuildPhase section */
		1DF5129724077AB30068E58B /* Resources */ = {
			isa = PBXResourcesBuildPhase;
			buildActionMask = 2147483647;
			files = (
				1DF5129F24077AB50068E58B /* Assets.xcassets in Resources */,
				1DF512AD24077B720068E58B /* ViewController.xib in Resources */,
				1DF512A224077AB50068E58B /* MainMenu.xib in Resources */,
			);
			runOnlyForDeploymentPostprocessing = 0;
		};
/* End PBXResourcesBuildPhase section */

/* Begin PBXSourcesBuildPhase section */
		1DF5129524077AB30068E58B /* Sources */ = {
			isa = PBXSourcesBuildPhase;
			buildActionMask = 2147483647;
			files = (
				1DF512AC24077B720068E58B /* ViewController.swift in Sources */,
				1DF5129D24077AB30068E58B /* AppDelegate.swift in Sources */,
				1DF512AF2408A40D0068E58B /* MailToken.swift in Sources */,
			);
			runOnlyForDeploymentPostprocessing = 0;
		};
/* End PBXSourcesBuildPhase section */

/* Begin PBXVariantGroup section */
		1DF512A024077AB50068E58B /* MainMenu.xib */ = {
			isa = PBXVariantGroup;
			children = (
				1DF512A124077AB50068E58B /* Base */,
			);
			name = MainMenu.xib;
			sourceTree = "<group>";
		};
/* End PBXVariantGroup section */

/* Begin XCBuildConfiguration section */
		1DF512A524077AB50068E58B /* Debug */ = {
			isa = XCBuildConfiguration;
			buildSettings = {
				ALWAYS_SEARCH_USER_PATHS = NO;
				CLANG_ANALYZER_NONNULL = YES;
				CLANG_ANALYZER_NUMBER_OBJECT_CONVERSION = YES_AGGRESSIVE;
				CLANG_CXX_LANGUAGE_STANDARD = "gnu++14";
				CLANG_CXX_LIBRARY = "libc++";
				CLANG_ENABLE_MODULES = YES;
				CLANG_ENABLE_OBJC_ARC = YES;
				CLANG_ENABLE_OBJC_WEAK = YES;
				CLANG_WARN_BLOCK_CAPTURE_AUTORELEASING = YES;
				CLANG_WARN_BOOL_CONVERSION = YES;
				CLANG_WARN_COMMA = YES;
				CLANG_WARN_CONSTANT_CONVERSION = YES;
				CLANG_WARN_DEPRECATED_OBJC_IMPLEMENTATIONS = YES;
				CLANG_WARN_DIRECT_OBJC_ISA_USAGE = YES_ERROR;
				CLANG_WARN_DOCUMENTATION_COMMENTS = YES;
				CLANG_WARN_EMPTY_BODY = YES;
				CLANG_WARN_ENUM_CONVERSION = YES;
				CLANG_WARN_INFINITE_RECURSION = YES;
				CLANG_WARN_INT_CONVERSION = YES;
				CLANG_WARN_NON_LITERAL_NULL_CONVERSION = YES;
				CLANG_WARN_OBJC_IMPLICIT_RETAIN_SELF = YES;
				CLANG_WARN_OBJC_LITERAL_CONVERSION = YES;
				CLANG_WARN_OBJC_ROOT_CLASS = YES_ERROR;
				CLANG_WARN_RANGE_LOOP_ANALYSIS = YES;
				CLANG_WARN_STRICT_PROTOTYPES = YES;
				CLANG_WARN_SUSPICIOUS_MOVE = YES;
				CLANG_WARN_UNGUARDED_AVAILABILITY = YES_AGGRESSIVE;
				CLANG_WARN_UNREACHABLE_CODE = YES;
				CLANG_WARN__DUPLICATE_METHOD_MATCH = YES;
				COPY_PHASE_STRIP = NO;
				DEBUG_INFORMATION_FORMAT = dwarf;
				ENABLE_STRICT_OBJC_MSGSEND = YES;
				ENABLE_TESTABILITY = YES;
				GCC_C_LANGUAGE_STANDARD = gnu11;
				GCC_DYNAMIC_NO_PIC = NO;
				GCC_NO_COMMON_BLOCKS = YES;
				GCC_OPTIMIZATION_LEVEL = 0;
				GCC_PREPROCESSOR_DEFINITIONS = (
					"DEBUG=1",
					"$(inherited)",
				);
				GCC_WARN_64_TO_32_BIT_CONVERSION = YES;
				GCC_WARN_ABOUT_RETURN_TYPE = YES_ERROR;
				GCC_WARN_UNDECLARED_SELECTOR = YES;
				GCC_WARN_UNINITIALIZED_AUTOS = YES_AGGRESSIVE;
				GCC_WARN_UNUSED_FUNCTION = YES;
				GCC_WARN_UNUSED_VARIABLE = YES;
				MACOSX_DEPLOYMENT_TARGET = 10.15;
				MTL_ENABLE_DEBUG_INFO = INCLUDE_SOURCE;
				MTL_FAST_MATH = YES;
				ONLY_ACTIVE_ARCH = YES;
				SDKROOT = macosx;
				SWIFT_ACTIVE_COMPILATION_CONDITIONS = DEBUG;
				SWIFT_OPTIMIZATION_LEVEL = "-Onone";
			};
			name = Debug;
		};
		1DF512A624077AB50068E58B /* Release */ = {
			isa = XCBuildConfiguration;
			buildSettings = {
				ALWAYS_SEARCH_USER_PATHS = NO;
				CLANG_ANALYZER_NONNULL = YES;
				CLANG_ANALYZER_NUMBER_OBJECT_CONVERSION = YES_AGGRESSIVE;
				CLANG_CXX_LANGUAGE_STANDARD = "gnu++14";
				CLANG_CXX_LIBRARY = "libc++";
				CLANG_ENABLE_MODULES = YES;
				CLANG_ENABLE_OBJC_ARC = YES;
				CLANG_ENABLE_OBJC_WEAK = YES;
				CLANG_WARN_BLOCK_CAPTURE_AUTORELEASING = YES;
				CLANG_WARN_BOOL_CONVERSION = YES;
				CLANG_WARN_COMMA = YES;
				CLANG_WARN_CONSTANT_CONVERSION = YES;
				CLANG_WARN_DEPRECATED_OBJC_IMPLEMENTATIONS = YES;
				CLANG_WARN_DIRECT_OBJC_ISA_USAGE = YES_ERROR;
				CLANG_WARN_DOCUMENTATION_COMMENTS = YES;
				CLANG_WARN_EMPTY_BODY = YES;
				CLANG_WARN_ENUM_CONVERSION = YES;
				CLANG_WARN_INFINITE_RECURSION = YES;
				CLANG_WARN_INT_CONVERSION = YES;
				CLANG_WARN_NON_LITERAL_NULL_CONVERSION = YES;
				CLANG_WARN_OBJC_IMPLICIT_RETAIN_SELF = YES;
				CLANG_WARN_OBJC_LITERAL_CONVERSION = YES;
				CLANG_WARN_OBJC_ROOT_CLASS = YES_ERROR;
				CLANG_WARN_RANGE_LOOP_ANALYSIS = YES;
				CLANG_WARN_STRICT_PROTOTYPES = YES;
				CLANG_WARN_SUSPICIOUS_MOVE = YES;
				CLANG_WARN_UNGUARDED_AVAILABILITY = YES_AGGRESSIVE;
				CLANG_WARN_UNREACHABLE_CODE = YES;
				CLANG_WARN__DUPLICATE_METHOD_MATCH = YES;
				COPY_PHASE_STRIP = NO;
				DEBUG_INFORMATION_FORMAT = "dwarf-with-dsym";
				ENABLE_NS_ASSERTIONS = NO;
				ENABLE_STRICT_OBJC_MSGSEND = YES;
				GCC_C_LANGUAGE_STANDARD = gnu11;
				GCC_NO_COMMON_BLOCKS = YES;
				GCC_WARN_64_TO_32_BIT_CONVERSION = YES;
				GCC_WARN_ABOUT_RETURN_TYPE = YES_ERROR;
				GCC_WARN_UNDECLARED_SELECTOR = YES;
				GCC_WARN_UNINITIALIZED_AUTOS = YES_AGGRESSIVE;
				GCC_WARN_UNUSED_FUNCTION = YES;
				GCC_WARN_UNUSED_VARIABLE = YES;
				MACOSX_DEPLOYMENT_TARGET = 10.15;
				MTL_ENABLE_DEBUG_INFO = NO;
				MTL_FAST_MATH = YES;
				SDKROOT = macosx;
				SWIFT_COMPILATION_MODE = wholemodule;
				SWIFT_OPTIMIZATION_LEVEL = "-O";
			};
			name = Release;
		};
		1DF512A824077AB50068E58B /* Debug */ = {
			isa = XCBuildConfiguration;
			buildSettings = {
				ASSETCATALOG_COMPILER_APPICON_NAME = AppIcon;
				CODE_SIGN_ENTITLEMENTS = "Lesson 78/Lesson_78.entitlements";
				CODE_SIGN_STYLE = Automatic;
				COMBINE_HIDPI_IMAGES = YES;
				DEVELOPMENT_TEAM = FP44AY6HHW;
				ENABLE_HARDENED_RUNTIME = YES;
				INFOPLIST_FILE = "Lesson 78/Info.plist";
				LD_RUNPATH_SEARCH_PATHS = (
					"$(inherited)",
					"@executable_path/../Frameworks",
				);
				PRODUCT_BUNDLE_IDENTIFIER = "com.lucasderraugh.Lesson-78";
				PRODUCT_NAME = "$(TARGET_NAME)";
				SWIFT_VERSION = 5.0;
			};
			name = Debug;
		};
		1DF512A924077AB50068E58B /* Release */ = {
			isa = XCBuildConfiguration;
			buildSettings = {
				ASSETCATALOG_COMPILER_APPICON_NAME = AppIcon;
				CODE_SIGN_ENTITLEMENTS = "Lesson 78/Lesson_78.entitlements";
				CODE_SIGN_STYLE = Automatic;
				COMBINE_HIDPI_IMAGES = YES;
				DEVELOPMENT_TEAM = FP44AY6HHW;
				ENABLE_HARDENED_RUNTIME = YES;
				INFOPLIST_FILE = "Lesson 78/Info.plist";
				LD_RUNPATH_SEARCH_PATHS = (
					"$(inherited)",
					"@executable_path/../Frameworks",
				);
				PRODUCT_BUNDLE_IDENTIFIER = "com.lucasderraugh.Lesson-78";
				PRODUCT_NAME = "$(TARGET_NAME)";
				SWIFT_VERSION = 5.0;
			};
			name = Release;
		};
/* End XCBuildConfiguration section */

/* Begin XCConfigurationList section */
		1DF5129424077AB30068E58B /* Build configuration list for PBXProject "Lesson 78" */ = {
			isa = XCConfigurationList;
			buildConfigurations = (
				1DF512A524077AB50068E58B /* Debug */,
				1DF512A624077AB50068E58B /* Release */,
			);
			defaultConfigurationIsVisible = 0;
			defaultConfigurationName = Release;
		};
		1DF512A724077AB50068E58B /* Build configuration list for PBXNativeTarget "Lesson 78" */ = {
			isa = XCConfigurationList;
			buildConfigurations = (
				1DF512A824077AB50068E58B /* Debug */,
				1DF512A924077AB50068E58B /* Release */,
			);
			defaultConfigurationIsVisible = 0;
			defaultConfigurationName = Release;
		};
/* End XCConfigurationList section */
	};
	rootObject = 1DF5129124077AB30068E58B /* Project object */;
}
